schema: '2.0'
stages:
  data_ingestion:
    cmd: python src/mlProject/pipeline/stage_01_data_ingestion.py
    deps:
    - path: config/config.yaml
      hash: md5
      md5: 9e7134edf3a05368d83de9c393e8b3bb
      size: 1018
    - path: src/mlProject/pipeline/stage_01_data_ingestion.py
      hash: md5
      md5: 915e00e7cea247e654fa9d9164d02361
      size: 930
    outs:
    - path: artifacts/data_ingestion
      hash: md5
      md5: cf213e68237a5a48a00ae1834dd84caa.dir
      size: 124280
      nfiles: 2
  data_validation:
    cmd: python src/mlProject/pipeline/stage_02_data_validation.py
    deps:
    - path: config/config.yaml
      hash: md5
      md5: 9e7134edf3a05368d83de9c393e8b3bb
      size: 1018
    - path: schema.yaml
      hash: md5
      md5: 4507aea2d4cf88586592c441140524ba
      size: 320
    - path: src/mlProject/pipeline/stage_02_data_validation.py
      hash: md5
      md5: a14e15042f9e3ec872be5e5131b9f54b
      size: 908
    outs:
    - path: artifacts/data_validation/status.txt
      hash: md5
      md5: 86e6a2f694c57a675b3e2da6b95ff9ba
      size: 23
  data_transformation:
    cmd: python src/mlProject/pipeline/stage_03_data_transformation.py
    deps:
    - path: artifacts/data_validation/status.txt
      hash: md5
      md5: 86e6a2f694c57a675b3e2da6b95ff9ba
      size: 23
    - path: config/config.yaml
      hash: md5
      md5: 9e7134edf3a05368d83de9c393e8b3bb
      size: 1018
    - path: src/mlProject/pipeline/stage_03_data_transformation.py
      hash: md5
      md5: 4ccbe6800804aeb593d4e65d4110d44b
      size: 1325
    outs:
    - path: artifacts/data_transformation
      hash: md5
      md5: 15864d55d733154841f22cda6ca1512d.dir
      size: 95232
      nfiles: 2
  model_trainer:
    cmd: python src/mlProject/pipeline/stage_04_model_trainer.py
    deps:
    - path: artifacts/data_transformation
      hash: md5
      md5: 15864d55d733154841f22cda6ca1512d.dir
      size: 95232
      nfiles: 2
    - path: config/config.yaml
      hash: md5
      md5: 9e7134edf3a05368d83de9c393e8b3bb
      size: 1018
    - path: params.yaml
      hash: md5
      md5: cd1b38cc9f1467b6286ed79275778caa
      size: 40
    - path: schema.yaml
      hash: md5
      md5: 4507aea2d4cf88586592c441140524ba
      size: 320
    - path: src/mlProject/pipeline/stage_04_model_trainer.py
      hash: md5
      md5: a119e9c81d5ad70f0ffdff9a78cdd7d9
      size: 883
    outs:
    - path: artifacts/model_trainer/model.joblib
      hash: md5
      md5: ef03c8ff11e1599004510a607d38472e
      size: 1279
  model_evaluation:
    cmd: python src/mlProject/pipeline/stage_05_model_evaluation.py
    deps:
    - path: artifacts/data_transformation
      hash: md5
      md5: 15864d55d733154841f22cda6ca1512d.dir
      size: 95232
      nfiles: 2
    - path: artifacts/model_trainer/model.joblib
      hash: md5
      md5: ef03c8ff11e1599004510a607d38472e
      size: 1279
    - path: config/config.yaml
      hash: md5
      md5: 9e7134edf3a05368d83de9c393e8b3bb
      size: 1018
    - path: params.yaml
      hash: md5
      md5: cd1b38cc9f1467b6286ed79275778caa
      size: 40
    - path: schema.yaml
      hash: md5
      md5: 4507aea2d4cf88586592c441140524ba
      size: 320
    - path: src/mlProject/components/model_evaluation.py
      hash: md5
      md5: 5c6f84aeb869cb8549957100b6b3c431
      size: 2284
    - path: src/mlProject/pipeline/stage_05_model_evaluation.py
      hash: md5
      md5: 69aab86d2867ca118e4ab54d40d7eb07
      size: 973
    outs:
    - path: artifacts/model_evaluation/metrics.json
      hash: md5
      md5: b64a599c922c9bfd37309576a940aff4
      size: 100
